
Microsoft Visual Studio Solution File, Format Version 12.00
# Visual Studio Version 16
VisualStudioVersion = 16.0.28902.138
MinimumVisualStudioVersion = 15.0.26124.0
Project("{2150E333-8FDC-42A3-9474-1A3956D46DE8}") = "src", "src", "{C4750428-6BC9-491C-A164-73E017713648}"
EndProject
Project("{2150E333-8FDC-42A3-9474-1A3956D46DE8}") = "test", "test", "{68F09278-0E9D-413B-9E2C-2A2A23079319}"
EndProject
Project("{9A19103F-16F7-4668-BE54-9A1E7A4F7556}") = "Aguacongas.FootballChampionship", "src\Aguacongas.FootballChampionship\Aguacongas.FootballChampionship.csproj", "{4E4988FE-C366-4874-8FE9-0BD70FE3AC7D}"
EndProject
Project("{9A19103F-16F7-4668-BE54-9A1E7A4F7556}") = "Aguacongas.FootballChampionship.Interop", "src\Aguacongas.FootballChampionship.Interop\Aguacongas.FootballChampionship.Interop.csproj", "{9CEB2F00-B18C-43FA-BCFA-E19B7CB034D3}"
EndProject
Project("{9A19103F-16F7-4668-BE54-9A1E7A4F7556}") = "Aguacongas.AwsServices", "src\Aguacongas.AwsServices\Aguacongas.AwsServices.csproj", "{53D9392A-4FD6-4DB9-8870-40B58EACF750}"
EndProject
Project("{9A19103F-16F7-4668-BE54-9A1E7A4F7556}") = "Aguacongas.AwsComponents", "src\Aguacongas.AwsComponents\Aguacongas.AwsComponents.csproj", "{B1444CFF-E217-4E85-B3F3-3B4BE6C2DA13}"
EndProject
Project("{FAE04EC0-301F-11D3-BF4B-00C04F79EFBC}") = "Aguacongas.AwsServices.Test", "test\Aguacongas.AwsServices.Test\Aguacongas.AwsServices.Test.csproj", "{731E06A1-E58C-4D1E-89B0-B99242F45722}"
EndProject
Global
	GlobalSection(SolutionConfigurationPlatforms) = preSolution
		Debug|Any CPU = Debug|Any CPU
		Debug|x64 = Debug|x64
		Debug|x86 = Debug|x86
		Release|Any CPU = Release|Any CPU
		Release|x64 = Release|x64
		Release|x86 = Release|x86
	EndGlobalSection
	GlobalSection(ProjectConfigurationPlatforms) = postSolution
		{4E4988FE-C366-4874-8FE9-0BD70FE3AC7D}.Debug|Any CPU.ActiveCfg = Debug|Any CPU
		{4E4988FE-C366-4874-8FE9-0BD70FE3AC7D}.Debug|Any CPU.Build.0 = Debug|Any CPU
		{4E4988FE-C366-4874-8FE9-0BD70FE3AC7D}.Debug|x64.ActiveCfg = Debug|Any CPU
		{4E4988FE-C366-4874-8FE9-0BD70FE3AC7D}.Debug|x64.Build.0 = Debug|Any CPU
		{4E4988FE-C366-4874-8FE9-0BD70FE3AC7D}.Debug|x86.ActiveCfg = Debug|Any CPU
		{4E4988FE-C366-4874-8FE9-0BD70FE3AC7D}.Debug|x86.Build.0 = Debug|Any CPU
		{4E4988FE-C366-4874-8FE9-0BD70FE3AC7D}.Release|Any CPU.ActiveCfg = Release|Any CPU
		{4E4988FE-C366-4874-8FE9-0BD70FE3AC7D}.Release|Any CPU.Build.0 = Release|Any CPU
		{4E4988FE-C366-4874-8FE9-0BD70FE3AC7D}.Release|x64.ActiveCfg = Release|Any CPU
		{4E4988FE-C366-4874-8FE9-0BD70FE3AC7D}.Release|x64.Build.0 = Release|Any CPU
		{4E4988FE-C366-4874-8FE9-0BD70FE3AC7D}.Release|x86.ActiveCfg = Release|Any CPU
		{4E4988FE-C366-4874-8FE9-0BD70FE3AC7D}.Release|x86.Build.0 = Release|Any CPU
		{9CEB2F00-B18C-43FA-BCFA-E19B7CB034D3}.Debug|Any CPU.ActiveCfg = Debug|Any CPU
		{9CEB2F00-B18C-43FA-BCFA-E19B7CB034D3}.Debug|Any CPU.Build.0 = Debug|Any CPU
		{9CEB2F00-B18C-43FA-BCFA-E19B7CB034D3}.Debug|x64.ActiveCfg = Debug|Any CPU
		{9CEB2F00-B18C-43FA-BCFA-E19B7CB034D3}.Debug|x64.Build.0 = Debug|Any CPU
		{9CEB2F00-B18C-43FA-BCFA-E19B7CB034D3}.Debug|x86.ActiveCfg = Debug|Any CPU
		{9CEB2F00-B18C-43FA-BCFA-E19B7CB034D3}.Debug|x86.Build.0 = Debug|Any CPU
		{9CEB2F00-B18C-43FA-BCFA-E19B7CB034D3}.Release|Any CPU.ActiveCfg = Release|Any CPU
		{9CEB2F00-B18C-43FA-BCFA-E19B7CB034D3}.Release|Any CPU.Build.0 = Release|Any CPU
		{9CEB2F00-B18C-43FA-BCFA-E19B7CB034D3}.Release|x64.ActiveCfg = Release|Any CPU
		{9CEB2F00-B18C-43FA-BCFA-E19B7CB034D3}.Release|x64.Build.0 = Release|Any CPU
		{9CEB2F00-B18C-43FA-BCFA-E19B7CB034D3}.Release|x86.ActiveCfg = Release|Any CPU
		{9CEB2F00-B18C-43FA-BCFA-E19B7CB034D3}.Release|x86.Build.0 = Release|Any CPU
		{53D9392A-4FD6-4DB9-8870-40B58EACF750}.Debug|Any CPU.ActiveCfg = Debug|Any CPU
		{53D9392A-4FD6-4DB9-8870-40B58EACF750}.Debug|Any CPU.Build.0 = Debug|Any CPU
		{53D9392A-4FD6-4DB9-8870-40B58EACF750}.Debug|x64.ActiveCfg = Debug|Any CPU
		{53D9392A-4FD6-4DB9-8870-40B58EACF750}.Debug|x64.Build.0 = Debug|Any CPU
		{53D9392A-4FD6-4DB9-8870-40B58EACF750}.Debug|x86.ActiveCfg = Debug|Any CPU
		{53D9392A-4FD6-4DB9-8870-40B58EACF750}.Debug|x86.Build.0 = Debug|Any CPU
		{53D9392A-4FD6-4DB9-8870-40B58EACF750}.Release|Any CPU.ActiveCfg = Release|Any CPU
		{53D9392A-4FD6-4DB9-8870-40B58EACF750}.Release|Any CPU.Build.0 = Release|Any CPU
		{53D9392A-4FD6-4DB9-8870-40B58EACF750}.Release|x64.ActiveCfg = Release|Any CPU
		{53D9392A-4FD6-4DB9-8870-40B58EACF750}.Release|x64.Build.0 = Release|Any CPU
		{53D9392A-4FD6-4DB9-8870-40B58EACF750}.Release|x86.ActiveCfg = Release|Any CPU
		{53D9392A-4FD6-4DB9-8870-40B58EACF750}.Release|x86.Build.0 = Release|Any CPU
		{B1444CFF-E217-4E85-B3F3-3B4BE6C2DA13}.Debug|Any CPU.ActiveCfg = Debug|Any CPU
		{B1444CFF-E217-4E85-B3F3-3B4BE6C2DA13}.Debug|Any CPU.Build.0 = Debug|Any CPU
		{B1444CFF-E217-4E85-B3F3-3B4BE6C2DA13}.Debug|x64.ActiveCfg = Debug|Any CPU
		{B1444CFF-E217-4E85-B3F3-3B4BE6C2DA13}.Debug|x64.Build.0 = Debug|Any CPU
		{B1444CFF-E217-4E85-B3F3-3B4BE6C2DA13}.Debug|x86.ActiveCfg = Debug|Any CPU
		{B1444CFF-E217-4E85-B3F3-3B4BE6C2DA13}.Debug|x86.Build.0 = Debug|Any CPU
		{B1444CFF-E217-4E85-B3F3-3B4BE6C2DA13}.Release|Any CPU.ActiveCfg = Release|Any CPU
		{B1444CFF-E217-4E85-B3F3-3B4BE6C2DA13}.Release|Any CPU.Build.0 = Release|Any CPU
		{B1444CFF-E217-4E85-B3F3-3B4BE6C2DA13}.Release|x64.ActiveCfg = Release|Any CPU
		{B1444CFF-E217-4E85-B3F3-3B4BE6C2DA13}.Release|x64.Build.0 = Release|Any CPU
		{B1444CFF-E217-4E85-B3F3-3B4BE6C2DA13}.Release|x86.ActiveCfg = Release|Any CPU
		{B1444CFF-E217-4E85-B3F3-3B4BE6C2DA13}.Release|x86.Build.0 = Release|Any CPU
		{731E06A1-E58C-4D1E-89B0-B99242F45722}.Debug|Any CPU.ActiveCfg = Debug|Any CPU
		{731E06A1-E58C-4D1E-89B0-B99242F45722}.Debug|Any CPU.Build.0 = Debug|Any CPU
		{731E06A1-E58C-4D1E-89B0-B99242F45722}.Debug|x64.ActiveCfg = Debug|Any CPU
		{731E06A1-E58C-4D1E-89B0-B99242F45722}.Debug|x64.Build.0 = Debug|Any CPU
		{731E06A1-E58C-4D1E-89B0-B99242F45722}.Debug|x86.ActiveCfg = Debug|Any CPU
		{731E06A1-E58C-4D1E-89B0-B99242F45722}.Debug|x86.Build.0 = Debug|Any CPU
		{731E06A1-E58C-4D1E-89B0-B99242F45722}.Release|Any CPU.ActiveCfg = Release|Any CPU
		{731E06A1-E58C-4D1E-89B0-B99242F45722}.Release|Any CPU.Build.0 = Release|Any CPU
		{731E06A1-E58C-4D1E-89B0-B99242F45722}.Release|x64.ActiveCfg = Release|Any CPU
		{731E06A1-E58C-4D1E-89B0-B99242F45722}.Release|x64.Build.0 = Release|Any CPU
		{731E06A1-E58C-4D1E-89B0-B99242F45722}.Release|x86.ActiveCfg = Release|Any CPU
		{731E06A1-E58C-4D1E-89B0-B99242F45722}.Release|x86.Build.0 = Release|Any CPU
	EndGlobalSection
	GlobalSection(SolutionProperties) = preSolution
		HideSolutionNode = FALSE
	EndGlobalSection
	GlobalSection(NestedProjects) = preSolution
		{4E4988FE-C366-4874-8FE9-0BD70FE3AC7D} = {C4750428-6BC9-491C-A164-73E017713648}
		{9CEB2F00-B18C-43FA-BCFA-E19B7CB034D3} = {C4750428-6BC9-491C-A164-73E017713648}
		{53D9392A-4FD6-4DB9-8870-40B58EACF750} = {C4750428-6BC9-491C-A164-73E017713648}
		{B1444CFF-E217-4E85-B3F3-3B4BE6C2DA13} = {C4750428-6BC9-491C-A164-73E017713648}
		{731E06A1-E58C-4D1E-89B0-B99242F45722} = {68F09278-0E9D-413B-9E2C-2A2A23079319}
	EndGlobalSection
	GlobalSection(ExtensibilityGlobals) = postSolution
		SolutionGuid = {64AF4FCE-CA30-40A5-8F60-FB30E8C7C65F}
	EndGlobalSection
EndGlobal
